
Microsoft Visual Studio Solution File, Format Version 12.00
# Visual Studio Version 17
VisualStudioVersion = 17.14.36518.9 d17.14
MinimumVisualStudioVersion = 10.0.40219.1
Project("{FAE04EC0-301F-11D3-BF4B-00C04F79EFBC}") = "Memew_Shop", "Memew_Shop\Memew_Shop.csproj", "{72F90AEE-24EE-426F-8E1C-6DAE33F9D7ED}"
EndProject
Project("{FAE04EC0-301F-11D3-BF4B-00C04F79EFBC}") = "Memew.BO", "Memew.BO\Memew.BO.csproj", "{6B04E5C7-544F-498F-BA1B-3F8EA2011D85}"
EndProject
Project("{FAE04EC0-301F-11D3-BF4B-00C04F79EFBC}") = "Memeo.DAO", "Memeo.DAO\Memeo.DAO.csproj", "{2C5A8809-8B08-4A56-A057-81079BD7ADBF}"
EndProject
Project("{FAE04EC0-301F-11D3-BF4B-00C04F79EFBC}") = "Memeo.Repository", "Memeo.Repository\Memeo.Repository.csproj", "{76540ED2-A140-4CCD-8524-7AC40799FF8B}"
EndProject
Project("{FAE04EC0-301F-11D3-BF4B-00C04F79EFBC}") = "Memeo.Service", "Memeo.Service\Memeo.Service.csproj", "{1040EBE5-CE8A-4D1D-BD72-882044692A27}"
EndProject
Global
	GlobalSection(SolutionConfigurationPlatforms) = preSolution
		Debug|Any CPU = Debug|Any CPU
		Release|Any CPU = Release|Any CPU
	EndGlobalSection
	GlobalSection(ProjectConfigurationPlatforms) = postSolution
		{72F90AEE-24EE-426F-8E1C-6DAE33F9D7ED}.Debug|Any CPU.ActiveCfg = Debug|Any CPU
		{72F90AEE-24EE-426F-8E1C-6DAE33F9D7ED}.Debug|Any CPU.Build.0 = Debug|Any CPU
		{72F90AEE-24EE-426F-8E1C-6DAE33F9D7ED}.Release|Any CPU.ActiveCfg = Release|Any CPU
		{72F90AEE-24EE-426F-8E1C-6DAE33F9D7ED}.Release|Any CPU.Build.0 = Release|Any CPU
		{6B04E5C7-544F-498F-BA1B-3F8EA2011D85}.Debug|Any CPU.ActiveCfg = Debug|Any CPU
		{6B04E5C7-544F-498F-BA1B-3F8EA2011D85}.Debug|Any CPU.Build.0 = Debug|Any CPU
		{6B04E5C7-544F-498F-BA1B-3F8EA2011D85}.Release|Any CPU.ActiveCfg = Release|Any CPU
		{6B04E5C7-544F-498F-BA1B-3F8EA2011D85}.Release|Any CPU.Build.0 = Release|Any CPU
		{2C5A8809-8B08-4A56-A057-81079BD7ADBF}.Debug|Any CPU.ActiveCfg = Debug|Any CPU
		{2C5A8809-8B08-4A56-A057-81079BD7ADBF}.Debug|Any CPU.Build.0 = Debug|Any CPU
		{2C5A8809-8B08-4A56-A057-81079BD7ADBF}.Release|Any CPU.ActiveCfg = Release|Any CPU
		{2C5A8809-8B08-4A56-A057-81079BD7ADBF}.Release|Any CPU.Build.0 = Release|Any CPU
		{76540ED2-A140-4CCD-8524-7AC40799FF8B}.Debug|Any CPU.ActiveCfg = Debug|Any CPU
		{76540ED2-A140-4CCD-8524-7AC40799FF8B}.Debug|Any CPU.Build.0 = Debug|Any CPU
		{76540ED2-A140-4CCD-8524-7AC40799FF8B}.Release|Any CPU.ActiveCfg = Release|Any CPU
		{76540ED2-A140-4CCD-8524-7AC40799FF8B}.Release|Any CPU.Build.0 = Release|Any CPU
		{1040EBE5-CE8A-4D1D-BD72-882044692A27}.Debug|Any CPU.ActiveCfg = Debug|Any CPU
		{1040EBE5-CE8A-4D1D-BD72-882044692A27}.Debug|Any CPU.Build.0 = Debug|Any CPU
		{1040EBE5-CE8A-4D1D-BD72-882044692A27}.Release|Any CPU.ActiveCfg = Release|Any CPU
		{1040EBE5-CE8A-4D1D-BD72-882044692A27}.Release|Any CPU.Build.0 = Release|Any CPU
	EndGlobalSection
	GlobalSection(SolutionProperties) = preSolution
		HideSolutionNode = FALSE
	EndGlobalSection
	GlobalSection(ExtensibilityGlobals) = postSolution
		SolutionGuid = {610DEA23-B17B-451F-9875-D81529298406}
	EndGlobalSection
EndGlobal
